
Microsoft Visual Studio Solution File, Format Version 12.00
# Visual Studio Version 17
VisualStudioVersion = 17.5.33627.172
MinimumVisualStudioVersion = 10.0.40219.1
Project("{FAE04EC0-301F-11D3-BF4B-00C04F79EFBC}") = "HoraDelDia", "HoraDelDia\HoraDelDia.csproj", "{7DF65FB3-794A-4391-8598-354588A90736}"
EndProject
Global
	GlobalSection(SolutionConfigurationPlatforms) = preSolution
		Debug|Any CPU = Debug|Any CPU
		Release|Any CPU = Release|Any CPU
	EndGlobalSection
	GlobalSection(ProjectConfigurationPlatforms) = postSolution
		{7DF65FB3-794A-4391-8598-354588A90736}.Debug|Any CPU.ActiveCfg = Debug|Any CPU
		{7DF65FB3-794A-4391-8598-354588A90736}.Debug|Any CPU.Build.0 = Debug|Any CPU
		{7DF65FB3-794A-4391-8598-354588A90736}.Release|Any CPU.ActiveCfg = Release|Any CPU
		{7DF65FB3-794A-4391-8598-354588A90736}.Release|Any CPU.Build.0 = Release|Any CPU
	EndGlobalSection
	GlobalSection(SolutionProperties) = preSolution
		HideSolutionNode = FALSE
	EndGlobalSection
	GlobalSection(ExtensibilityGlobals) = postSolution
		SolutionGuid = {77EFB273-B49F-42E4-87A3-9B65D19479EF}
	EndGlobalSection
EndGlobal
